# This file is automatically @generated by Cargo.
# It is not intended for manual editing.
version = 3

[[package]]
name = "lightning-path"
version = "1.0.2"
source = "registry+https://github.com/rust-lang/crates.io-index"
checksum = "fe949793051e00ccd41efb55b5c5b8262f7e7f0c4884f9f0f38adb022e6c205a"

[[package]]
name = "tcp-server-rust"
version = "0.1.0"
dependencies = [
 "lightning-path",
]
